// !$*UTF8*$!
{
	archiveVersion = 1;
	classes = {
	};
	objectVersion = 56;
	objects = {

/* Begin PBXBuildFile section */
		D0D9DCF02A3B2C2800FA47D4 /* AppDelegate.swift in Sources */ = {isa = PBXBuildFile; fileRef = D0D9DCEF2A3B2C2800FA47D4 /* AppDelegate.swift */; };
		D0D9DCF22A3B2C2800FA47D4 /* SceneDelegate.swift in Sources */ = {isa = PBXBuildFile; fileRef = D0D9DCF12A3B2C2800FA47D4 /* SceneDelegate.swift */; };
		D0D9DCF42A3B2C2800FA47D4 /* ViewController.swift in Sources */ = {isa = PBXBuildFile; fileRef = D0D9DCF32A3B2C2800FA47D4 /* ViewController.swift */; };
		D0D9DCF72A3B2C2800FA47D4 /* Main.storyboard in Resources */ = {isa = PBXBuildFile; fileRef = D0D9DCF52A3B2C2800FA47D4 /* Main.storyboard */; };
		D0D9DCF92A3B2C2A00FA47D4 /* Assets.xcassets in Resources */ = {isa = PBXBuildFile; fileRef = D0D9DCF82A3B2C2A00FA47D4 /* Assets.xcassets */; };
		D0D9DCFC2A3B2C2A00FA47D4 /* LaunchScreen.storyboard in Resources */ = {isa = PBXBuildFile; fileRef = D0D9DCFA2A3B2C2A00FA47D4 /* LaunchScreen.storyboard */; };
/* End PBXBuildFile section */

/* Begin PBXFileReference section */
		D0D9DCEC2A3B2C2800FA47D4 /* youngTalent.app */ = {isa = PBXFileReference; explicitFileType = wrapper.application; includeInIndex = 0; path = youngTalent.app; sourceTree = BUILT_PRODUCTS_DIR; };
		D0D9DCEF2A3B2C2800FA47D4 /* AppDelegate.swift */ = {isa = PBXFileReference; lastKnownFileType = sourcecode.swift; path = AppDelegate.swift; sourceTree = "<group>"; };
		D0D9DCF12A3B2C2800FA47D4 /* SceneDelegate.swift */ = {isa = PBXFileReference; lastKnownFileType = sourcecode.swift; path = SceneDelegate.swift; sourceTree = "<group>"; };
		D0D9DCF32A3B2C2800FA47D4 /* ViewController.swift */ = {isa = PBXFileReference; lastKnownFileType = sourcecode.swift; path = ViewController.swift; sourceTree = "<group>"; };
		D0D9DCF62A3B2C2800FA47D4 /* Base */ = {isa = PBXFileReference; lastKnownFileType = file.storyboard; name = Base; path = Base.lproj/Main.storyboard; sourceTree = "<group>"; };
		D0D9DCF82A3B2C2A00FA47D4 /* Assets.xcassets */ = {isa = PBXFileReference; lastKnownFileType = folder.assetcatalog; path = Assets.xcassets; sourceTree = "<group>"; };
		D0D9DCFB2A3B2C2A00FA47D4 /* Base */ = {isa = PBXFileReference; lastKnownFileType = file.storyboard; name = Base; path = Base.lproj/LaunchScreen.storyboard; sourceTree = "<group>"; };
		D0D9DCFD2A3B2C2A00FA47D4 /* Info.plist */ = {isa = PBXFileReference; lastKnownFileType = text.plist.xml; path = Info.plist; sourceTree = "<group>"; };
/* End PBXFileReference section */

/* Begin PBXFrameworksBuildPhase section */
		D0D9DCE92A3B2C2800FA47D4 /* Frameworks */ = {
			isa = PBXFrameworksBuildPhase;
			buildActionMask = 2147483647;
			files = (
			);
			runOnlyForDeploymentPostprocessing = 0;
		};
/* End PBXFrameworksBuildPhase section */

/* Begin PBXGroup section */
		D0D9DCE32A3B2C2800FA47D4 = {
			isa = PBXGroup;
			children = (
				D0D9DCEE2A3B2C2800FA47D4 /* youngTalent */,
				D0D9DCED2A3B2C2800FA47D4 /* Products */,
			);
			sourceTree = "<group>";
		};
		D0D9DCED2A3B2C2800FA47D4 /* Products */ = {
			isa = PBXGroup;
			children = (
				D0D9DCEC2A3B2C2800FA47D4 /* youngTalent.app */,
			);
			name = Products;
			sourceTree = "<group>";
		};
		D0D9DCEE2A3B2C2800FA47D4 /* youngTalent */ = {
			isa = PBXGroup;
			children = (
				D0D9DCEF2A3B2C2800FA47D4 /* AppDelegate.swift */,
				D0D9DCF12A3B2C2800FA47D4 /* SceneDelegate.swift */,
				D0D9DCF32A3B2C2800FA47D4 /* ViewController.swift */,
				D0D9DCF52A3B2C2800FA47D4 /* Main.storyboard */,
				D0D9DCF82A3B2C2A00FA47D4 /* Assets.xcassets */,
				D0D9DCFA2A3B2C2A00FA47D4 /* LaunchScreen.storyboard */,
				D0D9DCFD2A3B2C2A00FA47D4 /* Info.plist */,
			);
			path = youngTalent;
			sourceTree = "<group>";
		};
/* End PBXGroup section */

/* Begin PBXNativeTarget section */
		D0D9DCEB2A3B2C2800FA47D4 /* youngTalent */ = {
			isa = PBXNativeTarget;
			buildConfigurationList = D0D9DD002A3B2C2A00FA47D4 /* Build configuration list for PBXNativeTarget "youngTalent" */;
			buildPhases = (
				D0D9DCE82A3B2C2800FA47D4 /* Sources */,
				D0D9DCE92A3B2C2800FA47D4 /* Frameworks */,
				D0D9DCEA2A3B2C2800FA47D4 /* Resources */,
			);
			buildRules = (
			);
			dependencies = (
			);
			name = youngTalent;
			productName = youngTalent;
			productReference = D0D9DCEC2A3B2C2800FA47D4 /* youngTalent.app */;
			productType = "com.apple.product-type.application";
		};
/* End PBXNativeTarget section */

/* Begin PBXProject section */
		D0D9DCE42A3B2C2800FA47D4 /* Project object */ = {
			isa = PBXProject;
			attributes = {
				BuildIndependentTargetsInParallel = 1;
				LastSwiftUpdateCheck = 1430;
				LastUpgradeCheck = 1430;
				TargetAttributes = {
					D0D9DCEB2A3B2C2800FA47D4 = {
						CreatedOnToolsVersion = 14.3.1;
					};
				};
			};
			buildConfigurationList = D0D9DCE72A3B2C2800FA47D4 /* Build configuration list for PBXProject "youngTalent" */;
			compatibilityVersion = "Xcode 14.0";
			developmentRegion = en;
			hasScannedForEncodings = 0;
			knownRegions = (
				en,
				Base,
			);
			mainGroup = D0D9DCE32A3B2C2800FA47D4;
			productRefGroup = D0D9DCED2A3B2C2800FA47D4 /* Products */;
			projectDirPath = "";
			projectRoot = "";
			targets = (
				D0D9DCEB2A3B2C2800FA47D4 /* youngTalent */,
			);
		};
/* End PBXProject section */

/* Begin PBXResourcesBuildPhase section */
		D0D9DCEA2A3B2C2800FA47D4 /* Resources */ = {
			isa = PBXResourcesBuildPhase;
			buildActionMask = 2147483647;
			files = (
				D0D9DCFC2A3B2C2A00FA47D4 /* LaunchScreen.storyboard in Resources */,
				D0D9DCF92A3B2C2A00FA47D4 /* Assets.xcassets in Resources */,
				D0D9DCF72A3B2C2800FA47D4 /* Main.storyboard in Resources */,
			);
			runOnlyForDeploymentPostprocessing = 0;
		};
/* End PBXResourcesBuildPhase section */

/* Begin PBXSourcesBuildPhase section */
		D0D9DCE82A3B2C2800FA47D4 /* Sources */ = {
			isa = PBXSourcesBuildPhase;
			buildActionMask = 2147483647;
			files = (
				D0D9DCF42A3B2C2800FA47D4 /* ViewController.swift in Sources */,
				D0D9DCF02A3B2C2800FA47D4 /* AppDelegate.swift in Sources */,
				D0D9DCF22A3B2C2800FA47D4 /* SceneDelegate.swift in Sources */,
			);
			runOnlyForDeploymentPostprocessing = 0;
		};
/* End PBXSourcesBuildPhase section */

/* Begin PBXVariantGroup section */
		D0D9DCF52A3B2C2800FA47D4 /* Main.storyboard */ = {
			isa = PBXVariantGroup;
			children = (
				D0D9DCF62A3B2C2800FA47D4 /* Base */,
			);
			name = Main.storyboard;
			sourceTree = "<group>";
		};
		D0D9DCFA2A3B2C2A00FA47D4 /* LaunchScreen.storyboard */ = {
			isa = PBXVariantGroup;
			children = (
				D0D9DCFB2A3B2C2A00FA47D4 /* Base */,
			);
			name = LaunchScreen.storyboard;
			sourceTree = "<group>";
		};
/* End PBXVariantGroup section */

/* Begin XCBuildConfiguration section */
		D0D9DCFE2A3B2C2A00FA47D4 /* Debug */ = {
			isa = XCBuildConfiguration;
			buildSettings = {
				ALWAYS_SEARCH_USER_PATHS = NO;
				CLANG_ANALYZER_NONNULL = YES;
				CLANG_ANALYZER_NUMBER_OBJECT_CONVERSION = YES_AGGRESSIVE;
				CLANG_CXX_LANGUAGE_STANDARD = "gnu++20";
				CLANG_ENABLE_MODULES = YES;
				CLANG_ENABLE_OBJC_ARC = YES;
				CLANG_ENABLE_OBJC_WEAK = YES;
				CLANG_WARN_BLOCK_CAPTURE_AUTORELEASING = YES;
				CLANG_WARN_BOOL_CONVERSION = YES;
				CLANG_WARN_COMMA = YES;
				CLANG_WARN_CONSTANT_CONVERSION = YES;
				CLANG_WARN_DEPRECATED_OBJC_IMPLEMENTATIONS = YES;
				CLANG_WARN_DIRECT_OBJC_ISA_USAGE = YES_ERROR;
				CLANG_WARN_DOCUMENTATION_COMMENTS = YES;
				CLANG_WARN_EMPTY_BODY = YES;
				CLANG_WARN_ENUM_CONVERSION = YES;
				CLANG_WARN_INFINITE_RECURSION = YES;
				CLANG_WARN_INT_CONVERSION = YES;
				CLANG_WARN_NON_LITERAL_NULL_CONVERSION = YES;
				CLANG_WARN_OBJC_IMPLICIT_RETAIN_SELF = YES;
				CLANG_WARN_OBJC_LITERAL_CONVERSION = YES;
				CLANG_WARN_OBJC_ROOT_CLASS = YES_ERROR;
				CLANG_WARN_QUOTED_INCLUDE_IN_FRAMEWORK_HEADER = YES;
				CLANG_WARN_RANGE_LOOP_ANALYSIS = YES;
				CLANG_WARN_STRICT_PROTOTYPES = YES;
				CLANG_WARN_SUSPICIOUS_MOVE = YES;
				CLANG_WARN_UNGUARDED_AVAILABILITY = YES_AGGRESSIVE;
				CLANG_WARN_UNREACHABLE_CODE = YES;
				CLANG_WARN__DUPLICATE_METHOD_MATCH = YES;
				COPY_PHASE_STRIP = NO;
				DEBUG_INFORMATION_FORMAT = dwarf;
				ENABLE_STRICT_OBJC_MSGSEND = YES;
				ENABLE_TESTABILITY = YES;
				GCC_C_LANGUAGE_STANDARD = gnu11;
				GCC_DYNAMIC_NO_PIC = NO;
				GCC_NO_COMMON_BLOCKS = YES;
				GCC_OPTIMIZATION_LEVEL = 0;
				GCC_PREPROCESSOR_DEFINITIONS = (
					"DEBUG=1",
					"$(inherited)",
				);
				GCC_WARN_64_TO_32_BIT_CONVERSION = YES;
				GCC_WARN_ABOUT_RETURN_TYPE = YES_ERROR;
				GCC_WARN_UNDECLARED_SELECTOR = YES;
				GCC_WARN_UNINITIALIZED_AUTOS = YES_AGGRESSIVE;
				GCC_WARN_UNUSED_FUNCTION = YES;
				GCC_WARN_UNUSED_VARIABLE = YES;
				IPHONEOS_DEPLOYMENT_TARGET = 16.4;
				MTL_ENABLE_DEBUG_INFO = INCLUDE_SOURCE;
				MTL_FAST_MATH = YES;
				ONLY_ACTIVE_ARCH = YES;
				SDKROOT = iphoneos;
				SWIFT_ACTIVE_COMPILATION_CONDITIONS = DEBUG;
				SWIFT_OPTIMIZATION_LEVEL = "-Onone";
			};
			name = Debug;
		};
		D0D9DCFF2A3B2C2A00FA47D4 /* Release */ = {
			isa = XCBuildConfiguration;
			buildSettings = {
				ALWAYS_SEARCH_USER_PATHS = NO;
				CLANG_ANALYZER_NONNULL = YES;
				CLANG_ANALYZER_NUMBER_OBJECT_CONVERSION = YES_AGGRESSIVE;
				CLANG_CXX_LANGUAGE_STANDARD = "gnu++20";
				CLANG_ENABLE_MODULES = YES;
				CLANG_ENABLE_OBJC_ARC = YES;
				CLANG_ENABLE_OBJC_WEAK = YES;
				CLANG_WARN_BLOCK_CAPTURE_AUTORELEASING = YES;
				CLANG_WARN_BOOL_CONVERSION = YES;
				CLANG_WARN_COMMA = YES;
				CLANG_WARN_CONSTANT_CONVERSION = YES;
				CLANG_WARN_DEPRECATED_OBJC_IMPLEMENTATIONS = YES;
				CLANG_WARN_DIRECT_OBJC_ISA_USAGE = YES_ERROR;
				CLANG_WARN_DOCUMENTATION_COMMENTS = YES;
				CLANG_WARN_EMPTY_BODY = YES;
				CLANG_WARN_ENUM_CONVERSION = YES;
				CLANG_WARN_INFINITE_RECURSION = YES;
				CLANG_WARN_INT_CONVERSION = YES;
				CLANG_WARN_NON_LITERAL_NULL_CONVERSION = YES;
				CLANG_WARN_OBJC_IMPLICIT_RETAIN_SELF = YES;
				CLANG_WARN_OBJC_LITERAL_CONVERSION = YES;
				CLANG_WARN_OBJC_ROOT_CLASS = YES_ERROR;
				CLANG_WARN_QUOTED_INCLUDE_IN_FRAMEWORK_HEADER = YES;
				CLANG_WARN_RANGE_LOOP_ANALYSIS = YES;
				CLANG_WARN_STRICT_PROTOTYPES = YES;
				CLANG_WARN_SUSPICIOUS_MOVE = YES;
				CLANG_WARN_UNGUARDED_AVAILABILITY = YES_AGGRESSIVE;
				CLANG_WARN_UNREACHABLE_CODE = YES;
				CLANG_WARN__DUPLICATE_METHOD_MATCH = YES;
				COPY_PHASE_STRIP = NO;
				DEBUG_INFORMATION_FORMAT = "dwarf-with-dsym";
				ENABLE_NS_ASSERTIONS = NO;
				ENABLE_STRICT_OBJC_MSGSEND = YES;
				GCC_C_LANGUAGE_STANDARD = gnu11;
				GCC_NO_COMMON_BLOCKS = YES;
				GCC_WARN_64_TO_32_BIT_CONVERSION = YES;
				GCC_WARN_ABOUT_RETURN_TYPE = YES_ERROR;
				GCC_WARN_UNDECLARED_SELECTOR = YES;
				GCC_WARN_UNINITIALIZED_AUTOS = YES_AGGRESSIVE;
				GCC_WARN_UNUSED_FUNCTION = YES;
				GCC_WARN_UNUSED_VARIABLE = YES;
				IPHONEOS_DEPLOYMENT_TARGET = 16.4;
				MTL_ENABLE_DEBUG_INFO = NO;
				MTL_FAST_MATH = YES;
				SDKROOT = iphoneos;
				SWIFT_COMPILATION_MODE = wholemodule;
				SWIFT_OPTIMIZATION_LEVEL = "-O";
				VALIDATE_PRODUCT = YES;
			};
			name = Release;
		};
		D0D9DD012A3B2C2A00FA47D4 /* Debug */ = {
			isa = XCBuildConfiguration;
			buildSettings = {
				ASSETCATALOG_COMPILER_APPICON_NAME = AppIcon;
				ASSETCATALOG_COMPILER_GLOBAL_ACCENT_COLOR_NAME = AccentColor;
				CODE_SIGN_STYLE = Automatic;
				CURRENT_PROJECT_VERSION = 1;
				DEVELOPMENT_TEAM = FUVNQNSU75;
				GENERATE_INFOPLIST_FILE = YES;
				INFOPLIST_FILE = youngTalent/Info.plist;
				INFOPLIST_KEY_UIApplicationSupportsIndirectInputEvents = YES;
				INFOPLIST_KEY_UILaunchStoryboardName = LaunchScreen;
				INFOPLIST_KEY_UIMainStoryboardFile = Main;
				INFOPLIST_KEY_UISupportedInterfaceOrientations_iPad = "UIInterfaceOrientationPortrait UIInterfaceOrientationPortraitUpsideDown UIInterfaceOrientationLandscapeLeft UIInterfaceOrientationLandscapeRight";
				INFOPLIST_KEY_UISupportedInterfaceOrientations_iPhone = "UIInterfaceOrientationPortrait UIInterfaceOrientationLandscapeLeft UIInterfaceOrientationLandscapeRight";
				LD_RUNPATH_SEARCH_PATHS = (
					"$(inherited)",
					"@executable_path/Frameworks",
				);
				MARKETING_VERSION = 1.0;
				PRODUCT_BUNDLE_IDENTIFIER = com.mobven.youngTalent;
				PRODUCT_NAME = "$(TARGET_NAME)";
				SWIFT_EMIT_LOC_STRINGS = YES;
				SWIFT_VERSION = 5.0;
				TARGETED_DEVICE_FAMILY = "1,2";
			};
			name = Debug;
		};
		D0D9DD022A3B2C2A00FA47D4 /* Release */ = {
			isa = XCBuildConfiguration;
			buildSettings = {
				ASSETCATALOG_COMPILER_APPICON_NAME = AppIcon;
				ASSETCATALOG_COMPILER_GLOBAL_ACCENT_COLOR_NAME = AccentColor;
				CODE_SIGN_STYLE = Automatic;
				CURRENT_PROJECT_VERSION = 1;
				DEVELOPMENT_TEAM = FUVNQNSU75;
				GENERATE_INFOPLIST_FILE = YES;
				INFOPLIST_FILE = youngTalent/Info.plist;
				INFOPLIST_KEY_UIApplicationSupportsIndirectInputEvents = YES;
				INFOPLIST_KEY_UILaunchStoryboardName = LaunchScreen;
				INFOPLIST_KEY_UIMainStoryboardFile = Main;
				INFOPLIST_KEY_UISupportedInterfaceOrientations_iPad = "UIInterfaceOrientationPortrait UIInterfaceOrientationPortraitUpsideDown UIInterfaceOrientationLandscapeLeft UIInterfaceOrientationLandscapeRight";
				INFOPLIST_KEY_UISupportedInterfaceOrientations_iPhone = "UIInterfaceOrientationPortrait UIInterfaceOrientationLandscapeLeft UIInterfaceOrientationLandscapeRight";
				LD_RUNPATH_SEARCH_PATHS = (
					"$(inherited)",
					"@executable_path/Frameworks",
				);
				MARKETING_VERSION = 1.0;
				PRODUCT_BUNDLE_IDENTIFIER = com.mobven.youngTalent;
				PRODUCT_NAME = "$(TARGET_NAME)";
				SWIFT_EMIT_LOC_STRINGS = YES;
				SWIFT_VERSION = 5.0;
				TARGETED_DEVICE_FAMILY = "1,2";
			};
			name = Release;
		};
/* End XCBuildConfiguration section */

/* Begin XCConfigurationList section */
		D0D9DCE72A3B2C2800FA47D4 /* Build configuration list for PBXProject "youngTalent" */ = {
			isa = XCConfigurationList;
			buildConfigurations = (
				D0D9DCFE2A3B2C2A00FA47D4 /* Debug */,
				D0D9DCFF2A3B2C2A00FA47D4 /* Release */,
			);
			defaultConfigurationIsVisible = 0;
			defaultConfigurationName = Release;
		};
		D0D9DD002A3B2C2A00FA47D4 /* Build configuration list for PBXNativeTarget "youngTalent" */ = {
			isa = XCConfigurationList;
			buildConfigurations = (
				D0D9DD012A3B2C2A00FA47D4 /* Debug */,
				D0D9DD022A3B2C2A00FA47D4 /* Release */,
			);
			defaultConfigurationIsVisible = 0;
			defaultConfigurationName = Release;
		};
/* End XCConfigurationList section */
	};
	rootObject = D0D9DCE42A3B2C2800FA47D4 /* Project object */;
}
